# Generated from Markdown. Do not edit this file by hand.
_schema: {"definition":"schema/person.yaml","source_markdown":"community/llm-d/llm-d/Pete Cheslock.md","source_sha256":"8b28906cc9a9fec53aa36f9e4e3acfd476250361dc74b70cb5e381969f6342b7","node_id":"community/llm-d/llm-d/Pete Cheslock","status":"complete","missing_required":[]}
type: "person"
name: "Pete Cheslock"
current_affiliations: ["Red Hat"]
communities: ["llm-d"]
roles: ["Community Manager"]
