# Generated from Markdown. Do not edit this file by hand.
_schema: {"definition":"schema/person.yaml","source_markdown":"community/llm-d/llm-d/Pete Cheslock.md","source_sha256":"85703b1a65dc62438f13018841d1146bba15ef4565477afaf145f7aa07d5a08b","node_id":"community/llm-d/llm-d/Pete Cheslock","status":"complete","missing_required":[]}
type: "person"
name: "Pete Cheslock"
current_affiliations: ["Red Hat"]
communities: ["llm-d"]
roles: ["Community Manager"]
