# Generated from Markdown. Do not edit this file by hand.
_schema: {"definition":"schema/person.yaml","source_markdown":"community/llm-d/llm-d/Pete Cheslock.md","source_sha256":"a3e8ce74c1b93690e17a83390bb8c33556ae0ac5412e91183d95956f2850a4ff","node_id":"community/llm-d/llm-d/Pete Cheslock","status":"complete","missing_required":[]}
type: "person"
name: "Pete Cheslock"
current_affiliations: ["Red Hat"]
communities: ["llm-d"]
roles: ["Community Manager"]
linked_companies: ["company/Red Hat/Red Hat"]
